// !$*UTF8*$!
{
	archiveVersion = 1;
	classes = {
	};
	objectVersion = 48;
	objects = {

/* Begin PBXBuildFile section */
		5718A74C2043494B009AF182 /* AppDelegate.m in Sources */ = {isa = PBXBuildFile; fileRef = 5718A74B2043494B009AF182 /* AppDelegate.m */; };
		5718A74F2043494B009AF182 /* ViewController.m in Sources */ = {isa = PBXBuildFile; fileRef = 5718A74E2043494B009AF182 /* ViewController.m */; };
		5718A7522043494B009AF182 /* Main.storyboard in Resources */ = {isa = PBXBuildFile; fileRef = 5718A7502043494B009AF182 /* Main.storyboard */; };
		5718A7542043494B009AF182 /* Assets.xcassets in Resources */ = {isa = PBXBuildFile; fileRef = 5718A7532043494B009AF182 /* Assets.xcassets */; };
		5718A7572043494B009AF182 /* LaunchScreen.storyboard in Resources */ = {isa = PBXBuildFile; fileRef = 5718A7552043494B009AF182 /* LaunchScreen.storyboard */; };
		5718A75A2043494B009AF182 /* main.m in Sources */ = {isa = PBXBuildFile; fileRef = 5718A7592043494B009AF182 /* main.m */; };
		5718A7642043494B009AF182 /* meusdadosTests.m in Sources */ = {isa = PBXBuildFile; fileRef = 5718A7632043494B009AF182 /* meusdadosTests.m */; };
		5718A76F2043494B009AF182 /* meusdadosUITests.m in Sources */ = {isa = PBXBuildFile; fileRef = 5718A76E2043494B009AF182 /* meusdadosUITests.m */; };
/* End PBXBuildFile section */

/* Begin PBXContainerItemProxy section */
		5718A7602043494B009AF182 /* PBXContainerItemProxy */ = {
			isa = PBXContainerItemProxy;
			containerPortal = 5718A73F2043494B009AF182 /* Project object */;
			proxyType = 1;
			remoteGlobalIDString = 5718A7462043494B009AF182;
			remoteInfo = meusdados;
		};
		5718A76B2043494B009AF182 /* PBXContainerItemProxy */ = {
			isa = PBXContainerItemProxy;
			containerPortal = 5718A73F2043494B009AF182 /* Project object */;
			proxyType = 1;
			remoteGlobalIDString = 5718A7462043494B009AF182;
			remoteInfo = meusdados;
		};
/* End PBXContainerItemProxy section */

/* Begin PBXFileReference section */
		5718A7472043494B009AF182 /* meusdados.app */ = {isa = PBXFileReference; explicitFileType = wrapper.application; includeInIndex = 0; path = meusdados.app; sourceTree = BUILT_PRODUCTS_DIR; };
		5718A74A2043494B009AF182 /* AppDelegate.h */ = {isa = PBXFileReference; lastKnownFileType = sourcecode.c.h; path = AppDelegate.h; sourceTree = "<group>"; };
		5718A74B2043494B009AF182 /* AppDelegate.m */ = {isa = PBXFileReference; lastKnownFileType = sourcecode.c.objc; path = AppDelegate.m; sourceTree = "<group>"; };
		5718A74D2043494B009AF182 /* ViewController.h */ = {isa = PBXFileReference; lastKnownFileType = sourcecode.c.h; path = ViewController.h; sourceTree = "<group>"; };
		5718A74E2043494B009AF182 /* ViewController.m */ = {isa = PBXFileReference; lastKnownFileType = sourcecode.c.objc; path = ViewController.m; sourceTree = "<group>"; };
		5718A7512043494B009AF182 /* Base */ = {isa = PBXFileReference; lastKnownFileType = file.storyboard; name = Base; path = Base.lproj/Main.storyboard; sourceTree = "<group>"; };
		5718A7532043494B009AF182 /* Assets.xcassets */ = {isa = PBXFileReference; lastKnownFileType = folder.assetcatalog; path = Assets.xcassets; sourceTree = "<group>"; };
		5718A7562043494B009AF182 /* Base */ = {isa = PBXFileReference; lastKnownFileType = file.storyboard; name = Base; path = Base.lproj/LaunchScreen.storyboard; sourceTree = "<group>"; };
		5718A7582043494B009AF182 /* Info.plist */ = {isa = PBXFileReference; lastKnownFileType = text.plist.xml; path = Info.plist; sourceTree = "<group>"; };
		5718A7592043494B009AF182 /* main.m */ = {isa = PBXFileReference; lastKnownFileType = sourcecode.c.objc; path = main.m; sourceTree = "<group>"; };
		5718A75F2043494B009AF182 /* meusdadosTests.xctest */ = {isa = PBXFileReference; explicitFileType = wrapper.cfbundle; includeInIndex = 0; path = meusdadosTests.xctest; sourceTree = BUILT_PRODUCTS_DIR; };
		5718A7632043494B009AF182 /* meusdadosTests.m */ = {isa = PBXFileReference; lastKnownFileType = sourcecode.c.objc; path = meusdadosTests.m; sourceTree = "<group>"; };
		5718A7652043494B009AF182 /* Info.plist */ = {isa = PBXFileReference; lastKnownFileType = text.plist.xml; path = Info.plist; sourceTree = "<group>"; };
		5718A76A2043494B009AF182 /* meusdadosUITests.xctest */ = {isa = PBXFileReference; explicitFileType = wrapper.cfbundle; includeInIndex = 0; path = meusdadosUITests.xctest; sourceTree = BUILT_PRODUCTS_DIR; };
		5718A76E2043494B009AF182 /* meusdadosUITests.m */ = {isa = PBXFileReference; lastKnownFileType = sourcecode.c.objc; path = meusdadosUITests.m; sourceTree = "<group>"; };
		5718A7702043494B009AF182 /* Info.plist */ = {isa = PBXFileReference; lastKnownFileType = text.plist.xml; path = Info.plist; sourceTree = "<group>"; };
/* End PBXFileReference section */

/* Begin PBXFrameworksBuildPhase section */
		5718A7442043494B009AF182 /* Frameworks */ = {
			isa = PBXFrameworksBuildPhase;
			buildActionMask = 2147483647;
			files = (
			);
			runOnlyForDeploymentPostprocessing = 0;
		};
		5718A75C2043494B009AF182 /* Frameworks */ = {
			isa = PBXFrameworksBuildPhase;
			buildActionMask = 2147483647;
			files = (
			);
			runOnlyForDeploymentPostprocessing = 0;
		};
		5718A7672043494B009AF182 /* Frameworks */ = {
			isa = PBXFrameworksBuildPhase;
			buildActionMask = 2147483647;
			files = (
			);
			runOnlyForDeploymentPostprocessing = 0;
		};
/* End PBXFrameworksBuildPhase section */

/* Begin PBXGroup section */
		5718A73E2043494B009AF182 = {
			isa = PBXGroup;
			children = (
				5718A7492043494B009AF182 /* meusdados */,
				5718A7622043494B009AF182 /* meusdadosTests */,
				5718A76D2043494B009AF182 /* meusdadosUITests */,
				5718A7482043494B009AF182 /* Products */,
			);
			sourceTree = "<group>";
		};
		5718A7482043494B009AF182 /* Products */ = {
			isa = PBXGroup;
			children = (
				5718A7472043494B009AF182 /* meusdados.app */,
				5718A75F2043494B009AF182 /* meusdadosTests.xctest */,
				5718A76A2043494B009AF182 /* meusdadosUITests.xctest */,
			);
			name = Products;
			sourceTree = "<group>";
		};
		5718A7492043494B009AF182 /* meusdados */ = {
			isa = PBXGroup;
			children = (
				5718A74A2043494B009AF182 /* AppDelegate.h */,
				5718A74B2043494B009AF182 /* AppDelegate.m */,
				5718A74D2043494B009AF182 /* ViewController.h */,
				5718A74E2043494B009AF182 /* ViewController.m */,
				5718A7502043494B009AF182 /* Main.storyboard */,
				5718A7532043494B009AF182 /* Assets.xcassets */,
				5718A7552043494B009AF182 /* LaunchScreen.storyboard */,
				5718A7582043494B009AF182 /* Info.plist */,
				5718A7592043494B009AF182 /* main.m */,
			);
			path = meusdados;
			sourceTree = "<group>";
		};
		5718A7622043494B009AF182 /* meusdadosTests */ = {
			isa = PBXGroup;
			children = (
				5718A7632043494B009AF182 /* meusdadosTests.m */,
				5718A7652043494B009AF182 /* Info.plist */,
			);
			path = meusdadosTests;
			sourceTree = "<group>";
		};
		5718A76D2043494B009AF182 /* meusdadosUITests */ = {
			isa = PBXGroup;
			children = (
				5718A76E2043494B009AF182 /* meusdadosUITests.m */,
				5718A7702043494B009AF182 /* Info.plist */,
			);
			path = meusdadosUITests;
			sourceTree = "<group>";
		};
/* End PBXGroup section */

/* Begin PBXNativeTarget section */
		5718A7462043494B009AF182 /* meusdados */ = {
			isa = PBXNativeTarget;
			buildConfigurationList = 5718A7732043494B009AF182 /* Build configuration list for PBXNativeTarget "meusdados" */;
			buildPhases = (
				5718A7432043494B009AF182 /* Sources */,
				5718A7442043494B009AF182 /* Frameworks */,
				5718A7452043494B009AF182 /* Resources */,
			);
			buildRules = (
			);
			dependencies = (
			);
			name = meusdados;
			productName = meusdados;
			productReference = 5718A7472043494B009AF182 /* meusdados.app */;
			productType = "com.apple.product-type.application";
		};
		5718A75E2043494B009AF182 /* meusdadosTests */ = {
			isa = PBXNativeTarget;
			buildConfigurationList = 5718A7762043494B009AF182 /* Build configuration list for PBXNativeTarget "meusdadosTests" */;
			buildPhases = (
				5718A75B2043494B009AF182 /* Sources */,
				5718A75C2043494B009AF182 /* Frameworks */,
				5718A75D2043494B009AF182 /* Resources */,
			);
			buildRules = (
			);
			dependencies = (
				5718A7612043494B009AF182 /* PBXTargetDependency */,
			);
			name = meusdadosTests;
			productName = meusdadosTests;
			productReference = 5718A75F2043494B009AF182 /* meusdadosTests.xctest */;
			productType = "com.apple.product-type.bundle.unit-test";
		};
		5718A7692043494B009AF182 /* meusdadosUITests */ = {
			isa = PBXNativeTarget;
			buildConfigurationList = 5718A7792043494B009AF182 /* Build configuration list for PBXNativeTarget "meusdadosUITests" */;
			buildPhases = (
				5718A7662043494B009AF182 /* Sources */,
				5718A7672043494B009AF182 /* Frameworks */,
				5718A7682043494B009AF182 /* Resources */,
			);
			buildRules = (
			);
			dependencies = (
				5718A76C2043494B009AF182 /* PBXTargetDependency */,
			);
			name = meusdadosUITests;
			productName = meusdadosUITests;
			productReference = 5718A76A2043494B009AF182 /* meusdadosUITests.xctest */;
			productType = "com.apple.product-type.bundle.ui-testing";
		};
/* End PBXNativeTarget section */

/* Begin PBXProject section */
		5718A73F2043494B009AF182 /* Project object */ = {
			isa = PBXProject;
			attributes = {
				LastUpgradeCheck = 0920;
				ORGANIZATIONNAME = "Alexandre Nascimento";
				TargetAttributes = {
					5718A7462043494B009AF182 = {
						CreatedOnToolsVersion = 9.2;
						ProvisioningStyle = Automatic;
					};
					5718A75E2043494B009AF182 = {
						CreatedOnToolsVersion = 9.2;
						ProvisioningStyle = Automatic;
						TestTargetID = 5718A7462043494B009AF182;
					};
					5718A7692043494B009AF182 = {
						CreatedOnToolsVersion = 9.2;
						ProvisioningStyle = Automatic;
						TestTargetID = 5718A7462043494B009AF182;
					};
				};
			};
			buildConfigurationList = 5718A7422043494B009AF182 /* Build configuration list for PBXProject "meusdados" */;
			compatibilityVersion = "Xcode 8.0";
			developmentRegion = en;
			hasScannedForEncodings = 0;
			knownRegions = (
				en,
				Base,
			);
			mainGroup = 5718A73E2043494B009AF182;
			productRefGroup = 5718A7482043494B009AF182 /* Products */;
			projectDirPath = "";
			projectRoot = "";
			targets = (
				5718A7462043494B009AF182 /* meusdados */,
				5718A75E2043494B009AF182 /* meusdadosTests */,
				5718A7692043494B009AF182 /* meusdadosUITests */,
			);
		};
/* End PBXProject section */

/* Begin PBXResourcesBuildPhase section */
		5718A7452043494B009AF182 /* Resources */ = {
			isa = PBXResourcesBuildPhase;
			buildActionMask = 2147483647;
			files = (
				5718A7572043494B009AF182 /* LaunchScreen.storyboard in Resources */,
				5718A7542043494B009AF182 /* Assets.xcassets in Resources */,
				5718A7522043494B009AF182 /* Main.storyboard in Resources */,
			);
			runOnlyForDeploymentPostprocessing = 0;
		};
		5718A75D2043494B009AF182 /* Resources */ = {
			isa = PBXResourcesBuildPhase;
			buildActionMask = 2147483647;
			files = (
			);
			runOnlyForDeploymentPostprocessing = 0;
		};
		5718A7682043494B009AF182 /* Resources */ = {
			isa = PBXResourcesBuildPhase;
			buildActionMask = 2147483647;
			files = (
			);
			runOnlyForDeploymentPostprocessing = 0;
		};
/* End PBXResourcesBuildPhase section */

/* Begin PBXSourcesBuildPhase section */
		5718A7432043494B009AF182 /* Sources */ = {
			isa = PBXSourcesBuildPhase;
			buildActionMask = 2147483647;
			files = (
				5718A74F2043494B009AF182 /* ViewController.m in Sources */,
				5718A75A2043494B009AF182 /* main.m in Sources */,
				5718A74C2043494B009AF182 /* AppDelegate.m in Sources */,
			);
			runOnlyForDeploymentPostprocessing = 0;
		};
		5718A75B2043494B009AF182 /* Sources */ = {
			isa = PBXSourcesBuildPhase;
			buildActionMask = 2147483647;
			files = (
				5718A7642043494B009AF182 /* meusdadosTests.m in Sources */,
			);
			runOnlyForDeploymentPostprocessing = 0;
		};
		5718A7662043494B009AF182 /* Sources */ = {
			isa = PBXSourcesBuildPhase;
			buildActionMask = 2147483647;
			files = (
				5718A76F2043494B009AF182 /* meusdadosUITests.m in Sources */,
			);
			runOnlyForDeploymentPostprocessing = 0;
		};
/* End PBXSourcesBuildPhase section */

/* Begin PBXTargetDependency section */
		5718A7612043494B009AF182 /* PBXTargetDependency */ = {
			isa = PBXTargetDependency;
			target = 5718A7462043494B009AF182 /* meusdados */;
			targetProxy = 5718A7602043494B009AF182 /* PBXContainerItemProxy */;
		};
		5718A76C2043494B009AF182 /* PBXTargetDependency */ = {
			isa = PBXTargetDependency;
			target = 5718A7462043494B009AF182 /* meusdados */;
			targetProxy = 5718A76B2043494B009AF182 /* PBXContainerItemProxy */;
		};
/* End PBXTargetDependency section */

/* Begin PBXVariantGroup section */
		5718A7502043494B009AF182 /* Main.storyboard */ = {
			isa = PBXVariantGroup;
			children = (
				5718A7512043494B009AF182 /* Base */,
			);
			name = Main.storyboard;
			sourceTree = "<group>";
		};
		5718A7552043494B009AF182 /* LaunchScreen.storyboard */ = {
			isa = PBXVariantGroup;
			children = (
				5718A7562043494B009AF182 /* Base */,
			);
			name = LaunchScreen.storyboard;
			sourceTree = "<group>";
		};
/* End PBXVariantGroup section */

/* Begin XCBuildConfiguration section */
		5718A7712043494B009AF182 /* Debug */ = {
			isa = XCBuildConfiguration;
			buildSettings = {
				ALWAYS_SEARCH_USER_PATHS = NO;
				CLANG_ANALYZER_NONNULL = YES;
				CLANG_ANALYZER_NUMBER_OBJECT_CONVERSION = YES_AGGRESSIVE;
				CLANG_CXX_LANGUAGE_STANDARD = "gnu++14";
				CLANG_CXX_LIBRARY = "libc++";
				CLANG_ENABLE_MODULES = YES;
				CLANG_ENABLE_OBJC_ARC = YES;
				CLANG_WARN_BLOCK_CAPTURE_AUTORELEASING = YES;
				CLANG_WARN_BOOL_CONVERSION = YES;
				CLANG_WARN_COMMA = YES;
				CLANG_WARN_CONSTANT_CONVERSION = YES;
				CLANG_WARN_DIRECT_OBJC_ISA_USAGE = YES_ERROR;
				CLANG_WARN_DOCUMENTATION_COMMENTS = YES;
				CLANG_WARN_EMPTY_BODY = YES;
				CLANG_WARN_ENUM_CONVERSION = YES;
				CLANG_WARN_INFINITE_RECURSION = YES;
				CLANG_WARN_INT_CONVERSION = YES;
				CLANG_WARN_NON_LITERAL_NULL_CONVERSION = YES;
				CLANG_WARN_OBJC_LITERAL_CONVERSION = YES;
				CLANG_WARN_OBJC_ROOT_CLASS = YES_ERROR;
				CLANG_WARN_RANGE_LOOP_ANALYSIS = YES;
				CLANG_WARN_STRICT_PROTOTYPES = YES;
				CLANG_WARN_SUSPICIOUS_MOVE = YES;
				CLANG_WARN_UNGUARDED_AVAILABILITY = YES_AGGRESSIVE;
				CLANG_WARN_UNREACHABLE_CODE = YES;
				CLANG_WARN__DUPLICATE_METHOD_MATCH = YES;
				CODE_SIGN_IDENTITY = "iPhone Developer";
				COPY_PHASE_STRIP = NO;
				DEBUG_INFORMATION_FORMAT = dwarf;
				ENABLE_STRICT_OBJC_MSGSEND = YES;
				ENABLE_TESTABILITY = YES;
				GCC_C_LANGUAGE_STANDARD = gnu11;
				GCC_DYNAMIC_NO_PIC = NO;
				GCC_NO_COMMON_BLOCKS = YES;
				GCC_OPTIMIZATION_LEVEL = 0;
				GCC_PREPROCESSOR_DEFINITIONS = (
					"DEBUG=1",
					"$(inherited)",
				);
				GCC_WARN_64_TO_32_BIT_CONVERSION = YES;
				GCC_WARN_ABOUT_RETURN_TYPE = YES_ERROR;
				GCC_WARN_UNDECLARED_SELECTOR = YES;
				GCC_WARN_UNINITIALIZED_AUTOS = YES_AGGRESSIVE;
				GCC_WARN_UNUSED_FUNCTION = YES;
				GCC_WARN_UNUSED_VARIABLE = YES;
				IPHONEOS_DEPLOYMENT_TARGET = 11.2;
				MTL_ENABLE_DEBUG_INFO = YES;
				ONLY_ACTIVE_ARCH = YES;
				SDKROOT = iphoneos;
			};
			name = Debug;
		};
		5718A7722043494B009AF182 /* Release */ = {
			isa = XCBuildConfiguration;
			buildSettings = {
				ALWAYS_SEARCH_USER_PATHS = NO;
				CLANG_ANALYZER_NONNULL = YES;
				CLANG_ANALYZER_NUMBER_OBJECT_CONVERSION = YES_AGGRESSIVE;
				CLANG_CXX_LANGUAGE_STANDARD = "gnu++14";
				CLANG_CXX_LIBRARY = "libc++";
				CLANG_ENABLE_MODULES = YES;
				CLANG_ENABLE_OBJC_ARC = YES;
				CLANG_WARN_BLOCK_CAPTURE_AUTORELEASING = YES;
				CLANG_WARN_BOOL_CONVERSION = YES;
				CLANG_WARN_COMMA = YES;
				CLANG_WARN_CONSTANT_CONVERSION = YES;
				CLANG_WARN_DIRECT_OBJC_ISA_USAGE = YES_ERROR;
				CLANG_WARN_DOCUMENTATION_COMMENTS = YES;
				CLANG_WARN_EMPTY_BODY = YES;
				CLANG_WARN_ENUM_CONVERSION = YES;
				CLANG_WARN_INFINITE_RECURSION = YES;
				CLANG_WARN_INT_CONVERSION = YES;
				CLANG_WARN_NON_LITERAL_NULL_CONVERSION = YES;
				CLANG_WARN_OBJC_LITERAL_CONVERSION = YES;
				CLANG_WARN_OBJC_ROOT_CLASS = YES_ERROR;
				CLANG_WARN_RANGE_LOOP_ANALYSIS = YES;
				CLANG_WARN_STRICT_PROTOTYPES = YES;
				CLANG_WARN_SUSPICIOUS_MOVE = YES;
				CLANG_WARN_UNGUARDED_AVAILABILITY = YES_AGGRESSIVE;
				CLANG_WARN_UNREACHABLE_CODE = YES;
				CLANG_WARN__DUPLICATE_METHOD_MATCH = YES;
				CODE_SIGN_IDENTITY = "iPhone Developer";
				COPY_PHASE_STRIP = NO;
				DEBUG_INFORMATION_FORMAT = "dwarf-with-dsym";
				ENABLE_NS_ASSERTIONS = NO;
				ENABLE_STRICT_OBJC_MSGSEND = YES;
				GCC_C_LANGUAGE_STANDARD = gnu11;
				GCC_NO_COMMON_BLOCKS = YES;
				GCC_WARN_64_TO_32_BIT_CONVERSION = YES;
				GCC_WARN_ABOUT_RETURN_TYPE = YES_ERROR;
				GCC_WARN_UNDECLARED_SELECTOR = YES;
				GCC_WARN_UNINITIALIZED_AUTOS = YES_AGGRESSIVE;
				GCC_WARN_UNUSED_FUNCTION = YES;
				GCC_WARN_UNUSED_VARIABLE = YES;
				IPHONEOS_DEPLOYMENT_TARGET = 11.2;
				MTL_ENABLE_DEBUG_INFO = NO;
				SDKROOT = iphoneos;
				VALIDATE_PRODUCT = YES;
			};
			name = Release;
		};
		5718A7742043494B009AF182 /* Debug */ = {
			isa = XCBuildConfiguration;
			buildSettings = {
				ASSETCATALOG_COMPILER_APPICON_NAME = AppIcon;
				CODE_SIGN_STYLE = Automatic;
				INFOPLIST_FILE = meusdados/Info.plist;
				LD_RUNPATH_SEARCH_PATHS = "$(inherited) @executable_path/Frameworks";
				PRODUCT_BUNDLE_IDENTIFIER = br.com.fiap.meusdados;
				PRODUCT_NAME = "$(TARGET_NAME)";
				TARGETED_DEVICE_FAMILY = "1,2";
			};
			name = Debug;
		};
		5718A7752043494B009AF182 /* Release */ = {
			isa = XCBuildConfiguration;
			buildSettings = {
				ASSETCATALOG_COMPILER_APPICON_NAME = AppIcon;
				CODE_SIGN_STYLE = Automatic;
				INFOPLIST_FILE = meusdados/Info.plist;
				LD_RUNPATH_SEARCH_PATHS = "$(inherited) @executable_path/Frameworks";
				PRODUCT_BUNDLE_IDENTIFIER = br.com.fiap.meusdados;
				PRODUCT_NAME = "$(TARGET_NAME)";
				TARGETED_DEVICE_FAMILY = "1,2";
			};
			name = Release;
		};
		5718A7772043494B009AF182 /* Debug */ = {
			isa = XCBuildConfiguration;
			buildSettings = {
				BUNDLE_LOADER = "$(TEST_HOST)";
				CODE_SIGN_STYLE = Automatic;
				INFOPLIST_FILE = meusdadosTests/Info.plist;
				LD_RUNPATH_SEARCH_PATHS = "$(inherited) @executable_path/Frameworks @loader_path/Frameworks";
				PRODUCT_BUNDLE_IDENTIFIER = br.com.fiap.meusdadosTests;
				PRODUCT_NAME = "$(TARGET_NAME)";
				TARGETED_DEVICE_FAMILY = "1,2";
				TEST_HOST = "$(BUILT_PRODUCTS_DIR)/meusdados.app/meusdados";
			};
			name = Debug;
		};
		5718A7782043494B009AF182 /* Release */ = {
			isa = XCBuildConfiguration;
			buildSettings = {
				BUNDLE_LOADER = "$(TEST_HOST)";
				CODE_SIGN_STYLE = Automatic;
				INFOPLIST_FILE = meusdadosTests/Info.plist;
				LD_RUNPATH_SEARCH_PATHS = "$(inherited) @executable_path/Frameworks @loader_path/Frameworks";
				PRODUCT_BUNDLE_IDENTIFIER = br.com.fiap.meusdadosTests;
				PRODUCT_NAME = "$(TARGET_NAME)";
				TARGETED_DEVICE_FAMILY = "1,2";
				TEST_HOST = "$(BUILT_PRODUCTS_DIR)/meusdados.app/meusdados";
			};
			name = Release;
		};
		5718A77A2043494B009AF182 /* Debug */ = {
			isa = XCBuildConfiguration;
			buildSettings = {
				CODE_SIGN_STYLE = Automatic;
				INFOPLIST_FILE = meusdadosUITests/Info.plist;
				LD_RUNPATH_SEARCH_PATHS = "$(inherited) @executable_path/Frameworks @loader_path/Frameworks";
				PRODUCT_BUNDLE_IDENTIFIER = br.com.fiap.meusdadosUITests;
				PRODUCT_NAME = "$(TARGET_NAME)";
				TARGETED_DEVICE_FAMILY = "1,2";
				TEST_TARGET_NAME = meusdados;
			};
			name = Debug;
		};
		5718A77B2043494B009AF182 /* Release */ = {
			isa = XCBuildConfiguration;
			buildSettings = {
				CODE_SIGN_STYLE = Automatic;
				INFOPLIST_FILE = meusdadosUITests/Info.plist;
				LD_RUNPATH_SEARCH_PATHS = "$(inherited) @executable_path/Frameworks @loader_path/Frameworks";
				PRODUCT_BUNDLE_IDENTIFIER = br.com.fiap.meusdadosUITests;
				PRODUCT_NAME = "$(TARGET_NAME)";
				TARGETED_DEVICE_FAMILY = "1,2";
				TEST_TARGET_NAME = meusdados;
			};
			name = Release;
		};
/* End XCBuildConfiguration section */

/* Begin XCConfigurationList section */
		5718A7422043494B009AF182 /* Build configuration list for PBXProject "meusdados" */ = {
			isa = XCConfigurationList;
			buildConfigurations = (
				5718A7712043494B009AF182 /* Debug */,
				5718A7722043494B009AF182 /* Release */,
			);
			defaultConfigurationIsVisible = 0;
			defaultConfigurationName = Release;
		};
		5718A7732043494B009AF182 /* Build configuration list for PBXNativeTarget "meusdados" */ = {
			isa = XCConfigurationList;
			buildConfigurations = (
				5718A7742043494B009AF182 /* Debug */,
				5718A7752043494B009AF182 /* Release */,
			);
			defaultConfigurationIsVisible = 0;
			defaultConfigurationName = Release;
		};
		5718A7762043494B009AF182 /* Build configuration list for PBXNativeTarget "meusdadosTests" */ = {
			isa = XCConfigurationList;
			buildConfigurations = (
				5718A7772043494B009AF182 /* Debug */,
				5718A7782043494B009AF182 /* Release */,
			);
			defaultConfigurationIsVisible = 0;
			defaultConfigurationName = Release;
		};
		5718A7792043494B009AF182 /* Build configuration list for PBXNativeTarget "meusdadosUITests" */ = {
			isa = XCConfigurationList;
			buildConfigurations = (
				5718A77A2043494B009AF182 /* Debug */,
				5718A77B2043494B009AF182 /* Release */,
			);
			defaultConfigurationIsVisible = 0;
			defaultConfigurationName = Release;
		};
/* End XCConfigurationList section */
	};
	rootObject = 5718A73F2043494B009AF182 /* Project object */;
}
